
Microsoft Visual Studio Solution File, Format Version 12.00
# Visual Studio Version 16
VisualStudioVersion = 16.0.29519.181
MinimumVisualStudioVersion = 10.0.40219.1
Project("{FAE04EC0-301F-11D3-BF4B-00C04F79EFBC}") = "MVVM", "MVVM.csproj", "{AFB01D71-8061-434D-BBBD-FB502FB3313E}"
EndProject
Global
	GlobalSection(SolutionConfigurationPlatforms) = preSolution
		Debug|Any CPU = Debug|Any CPU
		Release|Any CPU = Release|Any CPU
	EndGlobalSection
	GlobalSection(ProjectConfigurationPlatforms) = postSolution
		{AFB01D71-8061-434D-BBBD-FB502FB3313E}.Debug|Any CPU.ActiveCfg = Debug|Any CPU
		{AFB01D71-8061-434D-BBBD-FB502FB3313E}.Debug|Any CPU.Build.0 = Debug|Any CPU
		{AFB01D71-8061-434D-BBBD-FB502FB3313E}.Release|Any CPU.ActiveCfg = Release|Any CPU
		{AFB01D71-8061-434D-BBBD-FB502FB3313E}.Release|Any CPU.Build.0 = Release|Any CPU
	EndGlobalSection
	GlobalSection(SolutionProperties) = preSolution
		HideSolutionNode = FALSE
	EndGlobalSection
	GlobalSection(ExtensibilityGlobals) = postSolution
		SolutionGuid = {A7DB4B41-8380-4BEA-8062-816ACEE56EBD}
	EndGlobalSection
EndGlobal
